
Microsoft Visual Studio Solution File, Format Version 11.00
# Visual Studio 2010
Project("{FAE04EC0-301F-11D3-BF4B-00C04F79EFBC}") = "UniTask", "UniTask.csproj", "{d51d749f-eaf9-807d-d7ee-ee13b481cd81}"
EndProject
Project("{FAE04EC0-301F-11D3-BF4B-00C04F79EFBC}") = "Assembly-CSharp", "Assembly-CSharp.csproj", "{b4edde96-5a5f-9171-0a09-73d0c9b1c0e8}"
EndProject
Project("{FAE04EC0-301F-11D3-BF4B-00C04F79EFBC}") = "CitrioN.Common", "CitrioN.Common.csproj", "{c530306f-4525-6ae6-a19c-a63d78b3922c}"
EndProject
Project("{FAE04EC0-301F-11D3-BF4B-00C04F79EFBC}") = "CitrioN.UI.Panels", "CitrioN.UI.Panels.csproj", "{00d9afbb-80b2-84b0-262a-bee807546720}"
EndProject
Project("{FAE04EC0-301F-11D3-BF4B-00C04F79EFBC}") = "Assembly-CSharp-Editor", "Assembly-CSharp-Editor.csproj", "{1c1fef73-40e8-445e-1bf4-edbe5b33b1d9}"
EndProject
Project("{FAE04EC0-301F-11D3-BF4B-00C04F79EFBC}") = "pixelplacement.surge.tween", "pixelplacement.surge.tween.csproj", "{cf270a8b-afa6-881f-2907-ad00d5dec9ca}"
EndProject
Project("{FAE04EC0-301F-11D3-BF4B-00C04F79EFBC}") = "CitrioN.Common.Editor", "CitrioN.Common.Editor.csproj", "{ff3cef84-08db-0920-49a8-20e70143e3c1}"
EndProject
Project("{FAE04EC0-301F-11D3-BF4B-00C04F79EFBC}") = "CitrioN.SettingsMenuCreator", "CitrioN.SettingsMenuCreator.csproj", "{f188d671-0437-8188-a283-bb17d9bc2070}"
EndProject
Project("{FAE04EC0-301F-11D3-BF4B-00C04F79EFBC}") = "pixelplacement.surge.spline.editor", "pixelplacement.surge.spline.editor.csproj", "{b86c7ed4-99b0-fe39-84de-13cbfe054d55}"
EndProject
Project("{FAE04EC0-301F-11D3-BF4B-00C04F79EFBC}") = "UniTask.Linq", "UniTask.Linq.csproj", "{30f7e450-0292-57da-16b4-bf83464dd12d}"
EndProject
Project("{FAE04EC0-301F-11D3-BF4B-00C04F79EFBC}") = "pixelplacement.surge.colliderbutton", "pixelplacement.surge.colliderbutton.csproj", "{2b6ec105-f069-e2b0-1982-4dfe1d0cd903}"
EndProject
Project("{FAE04EC0-301F-11D3-BF4B-00C04F79EFBC}") = "CitrioN.UI.Components", "CitrioN.UI.Components.csproj", "{8d05538e-b20f-08cd-6825-0cb793acd05f}"
EndProject
Project("{FAE04EC0-301F-11D3-BF4B-00C04F79EFBC}") = "CitrioN.UI", "CitrioN.UI.csproj", "{4d408c3e-8b2f-d270-cdd7-85393263f53a}"
EndProject
Project("{FAE04EC0-301F-11D3-BF4B-00C04F79EFBC}") = "CitrioN.SettingsMenuCreator.Editor", "CitrioN.SettingsMenuCreator.Editor.csproj", "{da681426-5825-c7b7-9b20-75fae814bece}"
EndProject
Project("{FAE04EC0-301F-11D3-BF4B-00C04F79EFBC}") = "CitrioN.StyleProfileSystem.UIToolkit", "CitrioN.StyleProfileSystem.UIToolkit.csproj", "{d6cbf7cd-9857-b254-be85-4ad9dd804a52}"
EndProject
Project("{FAE04EC0-301F-11D3-BF4B-00C04F79EFBC}") = "FR2", "FR2.csproj", "{e9d50258-ffa5-4dcf-701a-ba0a315a20fd}"
EndProject
Project("{FAE04EC0-301F-11D3-BF4B-00C04F79EFBC}") = "AssetUsageDetector.Editor", "AssetUsageDetector.Editor.csproj", "{1eb1fe24-4571-5e01-5b9a-1decfc8a2d31}"
EndProject
Project("{FAE04EC0-301F-11D3-BF4B-00C04F79EFBC}") = "CitrioN.StyleProfileSystem", "CitrioN.StyleProfileSystem.csproj", "{39db6001-a05e-c66a-7153-15fc68d701bc}"
EndProject
Project("{FAE04EC0-301F-11D3-BF4B-00C04F79EFBC}") = "pixelplacement.surge.events", "pixelplacement.surge.events.csproj", "{cc16170b-04aa-126c-b245-c89d2243a458}"
EndProject
Project("{FAE04EC0-301F-11D3-BF4B-00C04F79EFBC}") = "pixelplacement.surge.editor", "pixelplacement.surge.editor.csproj", "{b7c12c35-ded5-8ea3-80cf-980f2a98885e}"
EndProject
Project("{FAE04EC0-301F-11D3-BF4B-00C04F79EFBC}") = "UniTask.TextMeshPro", "UniTask.TextMeshPro.csproj", "{2aab0ae7-ffe1-796f-701f-3c3ee43863ae}"
EndProject
Project("{FAE04EC0-301F-11D3-BF4B-00C04F79EFBC}") = "UniTask.Editor", "UniTask.Editor.csproj", "{20d51118-a007-e254-8697-fc60c7990fc6}"
EndProject
Project("{FAE04EC0-301F-11D3-BF4B-00C04F79EFBC}") = "UniTask.Addressables", "UniTask.Addressables.csproj", "{bac21870-b0fd-8c8f-6d6f-09bdc8e30a24}"
EndProject
Project("{FAE04EC0-301F-11D3-BF4B-00C04F79EFBC}") = "pixelplacement.surge.spline", "pixelplacement.surge.spline.csproj", "{7e4ecc16-04a5-899a-9663-c3eddbd36dbc}"
EndProject
Project("{FAE04EC0-301F-11D3-BF4B-00C04F79EFBC}") = "pixelplacement.surge.statemechine.editor", "pixelplacement.surge.statemechine.editor.csproj", "{03dd5abe-0533-5c4a-5136-313f14b84158}"
EndProject
Project("{FAE04EC0-301F-11D3-BF4B-00C04F79EFBC}") = "pixelplacement.surge.statemachine", "pixelplacement.surge.statemachine.csproj", "{46b5b213-c36d-bed9-112f-16ef2d0a4b39}"
EndProject
Project("{FAE04EC0-301F-11D3-BF4B-00C04F79EFBC}") = "pixelplacement.surge.chooser.editor", "pixelplacement.surge.chooser.editor.csproj", "{806b7de2-18f9-89b4-efda-1d9e514c7e19}"
EndProject
Project("{FAE04EC0-301F-11D3-BF4B-00C04F79EFBC}") = "Sirenix.OdinInspector.Modules.UnityMathematics", "Sirenix.OdinInspector.Modules.UnityMathematics.csproj", "{0923004b-f555-e4a4-558d-f246cbe42579}"
EndProject
Project("{FAE04EC0-301F-11D3-BF4B-00C04F79EFBC}") = "CitrioN.UI.Components.Editor", "CitrioN.UI.Components.Editor.csproj", "{01161b7e-a6b9-1107-55a6-a5365a9671ce}"
EndProject
Project("{FAE04EC0-301F-11D3-BF4B-00C04F79EFBC}") = "pixelplacement.surge.displayobject", "pixelplacement.surge.displayobject.csproj", "{0fa9544a-75f5-af9d-396f-8ea285a0cce5}"
EndProject
Project("{FAE04EC0-301F-11D3-BF4B-00C04F79EFBC}") = "pixelplacement.surge.utilities.editor", "pixelplacement.surge.utilities.editor.csproj", "{0cae0e71-805a-81a1-6d00-0674289fafed}"
EndProject
Project("{FAE04EC0-301F-11D3-BF4B-00C04F79EFBC}") = "Pixelplacement.Surge.Utilities", "Pixelplacement.Surge.Utilities.csproj", "{1d435de4-157a-c914-4b81-310acff7748e}"
EndProject
Project("{FAE04EC0-301F-11D3-BF4B-00C04F79EFBC}") = "pixelplacement.surge.singleton", "pixelplacement.surge.singleton.csproj", "{d7e5789a-0575-e59c-2448-ac715e04e4e0}"
EndProject
Project("{FAE04EC0-301F-11D3-BF4B-00C04F79EFBC}") = "pixelplacement.surge.colliderbutton.editor", "pixelplacement.surge.colliderbutton.editor.csproj", "{33c244e9-855e-e46f-9b15-e4a842350311}"
EndProject
Project("{FAE04EC0-301F-11D3-BF4B-00C04F79EFBC}") = "pixelplacement.surge.chooser", "pixelplacement.surge.chooser.csproj", "{1fb44eb8-d303-7027-2e79-06748b082092}"
EndProject
Project("{FAE04EC0-301F-11D3-BF4B-00C04F79EFBC}") = "CitrioN.UI.Components.UIToolkit", "CitrioN.UI.Components.UIToolkit.csproj", "{8cd9e687-4b0d-b583-d3a5-d6f5d8431d42}"
EndProject
Project("{FAE04EC0-301F-11D3-BF4B-00C04F79EFBC}") = "pixelplacement.surge.displayobject.editor", "pixelplacement.surge.displayobject.editor.csproj", "{9d3f8679-c39e-0fef-d837-f3b7d35de73b}"
EndProject
Project("{FAE04EC0-301F-11D3-BF4B-00C04F79EFBC}") = "UniTask.DOTween", "UniTask.DOTween.csproj", "{f0ff1d63-dad8-f372-1c19-29a69a2e0a84}"
EndProject
Project("{FAE04EC0-301F-11D3-BF4B-00C04F79EFBC}") = "CitrioN.StyleProfileSystem.Editor", "CitrioN.StyleProfileSystem.Editor.csproj", "{75a12c0d-bcec-5ab0-b276-a7246d4218f5}"
EndProject
Global
	GlobalSection(SolutionConfigurationPlatforms) = preSolution
		Debug|Any CPU = Debug|Any CPU
	EndGlobalSection
	GlobalSection(ProjectConfigurationPlatforms) = postSolution
		{d51d749f-eaf9-807d-d7ee-ee13b481cd81}.Debug|Any CPU.ActiveCfg = Debug|Any CPU
		{d51d749f-eaf9-807d-d7ee-ee13b481cd81}.Debug|Any CPU.Build.0 = Debug|Any CPU
		{b4edde96-5a5f-9171-0a09-73d0c9b1c0e8}.Debug|Any CPU.ActiveCfg = Debug|Any CPU
		{b4edde96-5a5f-9171-0a09-73d0c9b1c0e8}.Debug|Any CPU.Build.0 = Debug|Any CPU
		{c530306f-4525-6ae6-a19c-a63d78b3922c}.Debug|Any CPU.ActiveCfg = Debug|Any CPU
		{c530306f-4525-6ae6-a19c-a63d78b3922c}.Debug|Any CPU.Build.0 = Debug|Any CPU
		{00d9afbb-80b2-84b0-262a-bee807546720}.Debug|Any CPU.ActiveCfg = Debug|Any CPU
		{00d9afbb-80b2-84b0-262a-bee807546720}.Debug|Any CPU.Build.0 = Debug|Any CPU
		{1c1fef73-40e8-445e-1bf4-edbe5b33b1d9}.Debug|Any CPU.ActiveCfg = Debug|Any CPU
		{1c1fef73-40e8-445e-1bf4-edbe5b33b1d9}.Debug|Any CPU.Build.0 = Debug|Any CPU
		{cf270a8b-afa6-881f-2907-ad00d5dec9ca}.Debug|Any CPU.ActiveCfg = Debug|Any CPU
		{cf270a8b-afa6-881f-2907-ad00d5dec9ca}.Debug|Any CPU.Build.0 = Debug|Any CPU
		{ff3cef84-08db-0920-49a8-20e70143e3c1}.Debug|Any CPU.ActiveCfg = Debug|Any CPU
		{ff3cef84-08db-0920-49a8-20e70143e3c1}.Debug|Any CPU.Build.0 = Debug|Any CPU
		{f188d671-0437-8188-a283-bb17d9bc2070}.Debug|Any CPU.ActiveCfg = Debug|Any CPU
		{f188d671-0437-8188-a283-bb17d9bc2070}.Debug|Any CPU.Build.0 = Debug|Any CPU
		{b86c7ed4-99b0-fe39-84de-13cbfe054d55}.Debug|Any CPU.ActiveCfg = Debug|Any CPU
		{b86c7ed4-99b0-fe39-84de-13cbfe054d55}.Debug|Any CPU.Build.0 = Debug|Any CPU
		{30f7e450-0292-57da-16b4-bf83464dd12d}.Debug|Any CPU.ActiveCfg = Debug|Any CPU
		{30f7e450-0292-57da-16b4-bf83464dd12d}.Debug|Any CPU.Build.0 = Debug|Any CPU
		{2b6ec105-f069-e2b0-1982-4dfe1d0cd903}.Debug|Any CPU.ActiveCfg = Debug|Any CPU
		{2b6ec105-f069-e2b0-1982-4dfe1d0cd903}.Debug|Any CPU.Build.0 = Debug|Any CPU
		{8d05538e-b20f-08cd-6825-0cb793acd05f}.Debug|Any CPU.ActiveCfg = Debug|Any CPU
		{8d05538e-b20f-08cd-6825-0cb793acd05f}.Debug|Any CPU.Build.0 = Debug|Any CPU
		{4d408c3e-8b2f-d270-cdd7-85393263f53a}.Debug|Any CPU.ActiveCfg = Debug|Any CPU
		{4d408c3e-8b2f-d270-cdd7-85393263f53a}.Debug|Any CPU.Build.0 = Debug|Any CPU
		{da681426-5825-c7b7-9b20-75fae814bece}.Debug|Any CPU.ActiveCfg = Debug|Any CPU
		{da681426-5825-c7b7-9b20-75fae814bece}.Debug|Any CPU.Build.0 = Debug|Any CPU
		{d6cbf7cd-9857-b254-be85-4ad9dd804a52}.Debug|Any CPU.ActiveCfg = Debug|Any CPU
		{d6cbf7cd-9857-b254-be85-4ad9dd804a52}.Debug|Any CPU.Build.0 = Debug|Any CPU
		{e9d50258-ffa5-4dcf-701a-ba0a315a20fd}.Debug|Any CPU.ActiveCfg = Debug|Any CPU
		{e9d50258-ffa5-4dcf-701a-ba0a315a20fd}.Debug|Any CPU.Build.0 = Debug|Any CPU
		{1eb1fe24-4571-5e01-5b9a-1decfc8a2d31}.Debug|Any CPU.ActiveCfg = Debug|Any CPU
		{1eb1fe24-4571-5e01-5b9a-1decfc8a2d31}.Debug|Any CPU.Build.0 = Debug|Any CPU
		{39db6001-a05e-c66a-7153-15fc68d701bc}.Debug|Any CPU.ActiveCfg = Debug|Any CPU
		{39db6001-a05e-c66a-7153-15fc68d701bc}.Debug|Any CPU.Build.0 = Debug|Any CPU
		{cc16170b-04aa-126c-b245-c89d2243a458}.Debug|Any CPU.ActiveCfg = Debug|Any CPU
		{cc16170b-04aa-126c-b245-c89d2243a458}.Debug|Any CPU.Build.0 = Debug|Any CPU
		{b7c12c35-ded5-8ea3-80cf-980f2a98885e}.Debug|Any CPU.ActiveCfg = Debug|Any CPU
		{b7c12c35-ded5-8ea3-80cf-980f2a98885e}.Debug|Any CPU.Build.0 = Debug|Any CPU
		{2aab0ae7-ffe1-796f-701f-3c3ee43863ae}.Debug|Any CPU.ActiveCfg = Debug|Any CPU
		{2aab0ae7-ffe1-796f-701f-3c3ee43863ae}.Debug|Any CPU.Build.0 = Debug|Any CPU
		{20d51118-a007-e254-8697-fc60c7990fc6}.Debug|Any CPU.ActiveCfg = Debug|Any CPU
		{20d51118-a007-e254-8697-fc60c7990fc6}.Debug|Any CPU.Build.0 = Debug|Any CPU
		{bac21870-b0fd-8c8f-6d6f-09bdc8e30a24}.Debug|Any CPU.ActiveCfg = Debug|Any CPU
		{bac21870-b0fd-8c8f-6d6f-09bdc8e30a24}.Debug|Any CPU.Build.0 = Debug|Any CPU
		{7e4ecc16-04a5-899a-9663-c3eddbd36dbc}.Debug|Any CPU.ActiveCfg = Debug|Any CPU
		{7e4ecc16-04a5-899a-9663-c3eddbd36dbc}.Debug|Any CPU.Build.0 = Debug|Any CPU
		{03dd5abe-0533-5c4a-5136-313f14b84158}.Debug|Any CPU.ActiveCfg = Debug|Any CPU
		{03dd5abe-0533-5c4a-5136-313f14b84158}.Debug|Any CPU.Build.0 = Debug|Any CPU
		{46b5b213-c36d-bed9-112f-16ef2d0a4b39}.Debug|Any CPU.ActiveCfg = Debug|Any CPU
		{46b5b213-c36d-bed9-112f-16ef2d0a4b39}.Debug|Any CPU.Build.0 = Debug|Any CPU
		{806b7de2-18f9-89b4-efda-1d9e514c7e19}.Debug|Any CPU.ActiveCfg = Debug|Any CPU
		{806b7de2-18f9-89b4-efda-1d9e514c7e19}.Debug|Any CPU.Build.0 = Debug|Any CPU
		{0923004b-f555-e4a4-558d-f246cbe42579}.Debug|Any CPU.ActiveCfg = Debug|Any CPU
		{0923004b-f555-e4a4-558d-f246cbe42579}.Debug|Any CPU.Build.0 = Debug|Any CPU
		{01161b7e-a6b9-1107-55a6-a5365a9671ce}.Debug|Any CPU.ActiveCfg = Debug|Any CPU
		{01161b7e-a6b9-1107-55a6-a5365a9671ce}.Debug|Any CPU.Build.0 = Debug|Any CPU
		{0fa9544a-75f5-af9d-396f-8ea285a0cce5}.Debug|Any CPU.ActiveCfg = Debug|Any CPU
		{0fa9544a-75f5-af9d-396f-8ea285a0cce5}.Debug|Any CPU.Build.0 = Debug|Any CPU
		{0cae0e71-805a-81a1-6d00-0674289fafed}.Debug|Any CPU.ActiveCfg = Debug|Any CPU
		{0cae0e71-805a-81a1-6d00-0674289fafed}.Debug|Any CPU.Build.0 = Debug|Any CPU
		{1d435de4-157a-c914-4b81-310acff7748e}.Debug|Any CPU.ActiveCfg = Debug|Any CPU
		{1d435de4-157a-c914-4b81-310acff7748e}.Debug|Any CPU.Build.0 = Debug|Any CPU
		{d7e5789a-0575-e59c-2448-ac715e04e4e0}.Debug|Any CPU.ActiveCfg = Debug|Any CPU
		{d7e5789a-0575-e59c-2448-ac715e04e4e0}.Debug|Any CPU.Build.0 = Debug|Any CPU
		{33c244e9-855e-e46f-9b15-e4a842350311}.Debug|Any CPU.ActiveCfg = Debug|Any CPU
		{33c244e9-855e-e46f-9b15-e4a842350311}.Debug|Any CPU.Build.0 = Debug|Any CPU
		{1fb44eb8-d303-7027-2e79-06748b082092}.Debug|Any CPU.ActiveCfg = Debug|Any CPU
		{1fb44eb8-d303-7027-2e79-06748b082092}.Debug|Any CPU.Build.0 = Debug|Any CPU
		{8cd9e687-4b0d-b583-d3a5-d6f5d8431d42}.Debug|Any CPU.ActiveCfg = Debug|Any CPU
		{8cd9e687-4b0d-b583-d3a5-d6f5d8431d42}.Debug|Any CPU.Build.0 = Debug|Any CPU
		{9d3f8679-c39e-0fef-d837-f3b7d35de73b}.Debug|Any CPU.ActiveCfg = Debug|Any CPU
		{9d3f8679-c39e-0fef-d837-f3b7d35de73b}.Debug|Any CPU.Build.0 = Debug|Any CPU
		{f0ff1d63-dad8-f372-1c19-29a69a2e0a84}.Debug|Any CPU.ActiveCfg = Debug|Any CPU
		{f0ff1d63-dad8-f372-1c19-29a69a2e0a84}.Debug|Any CPU.Build.0 = Debug|Any CPU
		{75a12c0d-bcec-5ab0-b276-a7246d4218f5}.Debug|Any CPU.ActiveCfg = Debug|Any CPU
		{75a12c0d-bcec-5ab0-b276-a7246d4218f5}.Debug|Any CPU.Build.0 = Debug|Any CPU
	EndGlobalSection
	GlobalSection(SolutionProperties) = preSolution
		HideSolutionNode = FALSE
	EndGlobalSection
EndGlobal
